
Microsoft Visual Studio Solution File, Format Version 12.00
# Visual Studio Version 17
VisualStudioVersion = 17.3.32825.248
MinimumVisualStudioVersion = 10.0.40219.1
Project("{8BC9CEB8-8B4A-11D0-8D11-00A0C91BC942}") = "MyGreatGameMila", "MyGreatGameMila\MyGreatGameMila.vcxproj", "{2B271D57-AAD1-4F0A-B7C8-B14C25900FAA}"
EndProject
Global
	GlobalSection(SolutionConfigurationPlatforms) = preSolution
		Debug|x64 = Debug|x64
		Debug|x86 = Debug|x86
		Release|x64 = Release|x64
		Release|x86 = Release|x86
	EndGlobalSection
	GlobalSection(ProjectConfigurationPlatforms) = postSolution
		{2B271D57-AAD1-4F0A-B7C8-B14C25900FAA}.Debug|x64.ActiveCfg = Debug|x64
		{2B271D57-AAD1-4F0A-B7C8-B14C25900FAA}.Debug|x64.Build.0 = Debug|x64
		{2B271D57-AAD1-4F0A-B7C8-B14C25900FAA}.Debug|x86.ActiveCfg = Debug|Win32
		{2B271D57-AAD1-4F0A-B7C8-B14C25900FAA}.Debug|x86.Build.0 = Debug|Win32
		{2B271D57-AAD1-4F0A-B7C8-B14C25900FAA}.Release|x64.ActiveCfg = Release|x64
		{2B271D57-AAD1-4F0A-B7C8-B14C25900FAA}.Release|x64.Build.0 = Release|x64
		{2B271D57-AAD1-4F0A-B7C8-B14C25900FAA}.Release|x86.ActiveCfg = Release|Win32
		{2B271D57-AAD1-4F0A-B7C8-B14C25900FAA}.Release|x86.Build.0 = Release|Win32
	EndGlobalSection
	GlobalSection(SolutionProperties) = preSolution
		HideSolutionNode = FALSE
	EndGlobalSection
	GlobalSection(ExtensibilityGlobals) = postSolution
		SolutionGuid = {9A7338BA-624C-47A9-A0AA-87DD7819D3A2}
	EndGlobalSection
EndGlobal
